
Microsoft Visual Studio Solution File, Format Version 12.00
# Visual Studio 14
VisualStudioVersion = 14.0.25123.0
MinimumVisualStudioVersion = 10.0.40219.1
Project("{FAE04EC0-301F-11D3-BF4B-00C04F79EFBC}") = "Serilog.Sinks.NewRelicLogs", "src\Serilog.Sinks.NewRelicLogs\Serilog.Sinks.NewRelicLogs.csproj", "{F34AE60B-CFD5-464C-BF49-A9D8FA7EE424}"
EndProject
Project("{FAE04EC0-301F-11D3-BF4B-00C04F79EFBC}") = "Serilog.Sinks.NewRelicLogs.Sample", "sample\Serilog.Sinks.NewRelicLogs.Sample\Serilog.Sinks.NewRelicLogs.Sample.csproj", "{569471CF-2FB0-434B-9F8E-58784EFB6F78}"
EndProject
Project("{2150E333-8FDC-42A3-9474-1A3956D46DE8}") = "Solution Items", "Solution Items", "{30EC5940-9B2D-485B-B854-F978C4B8BD5A}"
	ProjectSection(SolutionItems) = preProject
		README.md = README.md
	EndProjectSection
EndProject
Global
	GlobalSection(SolutionConfigurationPlatforms) = preSolution
		Debug|Any CPU = Debug|Any CPU
		Release|Any CPU = Release|Any CPU
	EndGlobalSection
	GlobalSection(ProjectConfigurationPlatforms) = postSolution
		{F34AE60B-CFD5-464C-BF49-A9D8FA7EE424}.Debug|Any CPU.ActiveCfg = Debug|Any CPU
		{F34AE60B-CFD5-464C-BF49-A9D8FA7EE424}.Debug|Any CPU.Build.0 = Debug|Any CPU
		{F34AE60B-CFD5-464C-BF49-A9D8FA7EE424}.Release|Any CPU.ActiveCfg = Release|Any CPU
		{F34AE60B-CFD5-464C-BF49-A9D8FA7EE424}.Release|Any CPU.Build.0 = Release|Any CPU
		{569471CF-2FB0-434B-9F8E-58784EFB6F78}.Debug|Any CPU.ActiveCfg = Debug|Any CPU
		{569471CF-2FB0-434B-9F8E-58784EFB6F78}.Debug|Any CPU.Build.0 = Debug|Any CPU
		{569471CF-2FB0-434B-9F8E-58784EFB6F78}.Release|Any CPU.ActiveCfg = Release|Any CPU
		{569471CF-2FB0-434B-9F8E-58784EFB6F78}.Release|Any CPU.Build.0 = Release|Any CPU
	EndGlobalSection
	GlobalSection(SolutionProperties) = preSolution
		HideSolutionNode = FALSE
	EndGlobalSection
EndGlobal
